
Microsoft Visual Studio Solution File, Format Version 12.00
# Visual Studio Version 16
VisualStudioVersion = 16.0.29911.84
MinimumVisualStudioVersion = 10.0.40219.1
Project("{FAE04EC0-301F-11D3-BF4B-00C04F79EFBC}") = "WebYsxt", "WebYsxt.csproj", "{330D76F4-00FC-407A-BFD9-6A182977FEF9}"
EndProject
Global
	GlobalSection(SolutionConfigurationPlatforms) = preSolution
		Debug|Any CPU = Debug|Any CPU
		Release|Any CPU = Release|Any CPU
	EndGlobalSection
	GlobalSection(ProjectConfigurationPlatforms) = postSolution
		{330D76F4-00FC-407A-BFD9-6A182977FEF9}.Debug|Any CPU.ActiveCfg = Debug|Any CPU
		{330D76F4-00FC-407A-BFD9-6A182977FEF9}.Debug|Any CPU.Build.0 = Debug|Any CPU
		{330D76F4-00FC-407A-BFD9-6A182977FEF9}.Release|Any CPU.ActiveCfg = Release|Any CPU
		{330D76F4-00FC-407A-BFD9-6A182977FEF9}.Release|Any CPU.Build.0 = Release|Any CPU
	EndGlobalSection
	GlobalSection(SolutionProperties) = preSolution
		HideSolutionNode = FALSE
	EndGlobalSection
	GlobalSection(ExtensibilityGlobals) = postSolution
		SolutionGuid = {5C3497EF-687D-494B-A6DD-0B21A95B2E2E}
	EndGlobalSection
EndGlobal
